// !$*UTF8*$!
{
	archiveVersion = 1;
	classes = {
	};
	objectVersion = 50;
	objects = {

/* Begin PBXBuildFile section */
		EB619C802491BA02003F9E0F /* AppDelegate.swift in Sources */ = {isa = PBXBuildFile; fileRef = EB619C7F2491BA02003F9E0F /* AppDelegate.swift */; };
		EB619C822491BA02003F9E0F /* SceneDelegate.swift in Sources */ = {isa = PBXBuildFile; fileRef = EB619C812491BA02003F9E0F /* SceneDelegate.swift */; };
		EB619C842491BA02003F9E0F /* ViewController.swift in Sources */ = {isa = PBXBuildFile; fileRef = EB619C832491BA02003F9E0F /* ViewController.swift */; };
		EB619C872491BA02003F9E0F /* Main.storyboard in Resources */ = {isa = PBXBuildFile; fileRef = EB619C852491BA02003F9E0F /* Main.storyboard */; };
		EB619C892491BA0A003F9E0F /* Assets.xcassets in Resources */ = {isa = PBXBuildFile; fileRef = EB619C882491BA0A003F9E0F /* Assets.xcassets */; };
		EB619C8C2491BA0B003F9E0F /* LaunchScreen.storyboard in Resources */ = {isa = PBXBuildFile; fileRef = EB619C8A2491BA0B003F9E0F /* LaunchScreen.storyboard */; };
		EB619C962491C508003F9E0F /* StampSelectViewController.swift in Sources */ = {isa = PBXBuildFile; fileRef = EB619C952491C508003F9E0F /* StampSelectViewController.swift */; };
		EB619C982491CEA4003F9E0F /* Stamp.swift in Sources */ = {isa = PBXBuildFile; fileRef = EB619C972491CEA4003F9E0F /* Stamp.swift */; };
/* End PBXBuildFile section */

/* Begin PBXFileReference section */
		EB619C7C2491BA02003F9E0F /* StampCamera.app */ = {isa = PBXFileReference; explicitFileType = wrapper.application; includeInIndex = 0; path = StampCamera.app; sourceTree = BUILT_PRODUCTS_DIR; };
		EB619C7F2491BA02003F9E0F /* AppDelegate.swift */ = {isa = PBXFileReference; lastKnownFileType = sourcecode.swift; path = AppDelegate.swift; sourceTree = "<group>"; };
		EB619C812491BA02003F9E0F /* SceneDelegate.swift */ = {isa = PBXFileReference; lastKnownFileType = sourcecode.swift; path = SceneDelegate.swift; sourceTree = "<group>"; };
		EB619C832491BA02003F9E0F /* ViewController.swift */ = {isa = PBXFileReference; lastKnownFileType = sourcecode.swift; path = ViewController.swift; sourceTree = "<group>"; };
		EB619C862491BA02003F9E0F /* Base */ = {isa = PBXFileReference; lastKnownFileType = file.storyboard; name = Base; path = Base.lproj/Main.storyboard; sourceTree = "<group>"; };
		EB619C882491BA0A003F9E0F /* Assets.xcassets */ = {isa = PBXFileReference; lastKnownFileType = folder.assetcatalog; path = Assets.xcassets; sourceTree = "<group>"; };
		EB619C8B2491BA0B003F9E0F /* Base */ = {isa = PBXFileReference; lastKnownFileType = file.storyboard; name = Base; path = Base.lproj/LaunchScreen.storyboard; sourceTree = "<group>"; };
		EB619C8D2491BA0B003F9E0F /* Info.plist */ = {isa = PBXFileReference; lastKnownFileType = text.plist.xml; path = Info.plist; sourceTree = "<group>"; };
		EB619C952491C508003F9E0F /* StampSelectViewController.swift */ = {isa = PBXFileReference; lastKnownFileType = sourcecode.swift; path = StampSelectViewController.swift; sourceTree = "<group>"; };
		EB619C972491CEA4003F9E0F /* Stamp.swift */ = {isa = PBXFileReference; lastKnownFileType = sourcecode.swift; path = Stamp.swift; sourceTree = "<group>"; };
/* End PBXFileReference section */

/* Begin PBXFrameworksBuildPhase section */
		EB619C792491BA02003F9E0F /* Frameworks */ = {
			isa = PBXFrameworksBuildPhase;
			buildActionMask = 2147483647;
			files = (
			);
			runOnlyForDeploymentPostprocessing = 0;
		};
/* End PBXFrameworksBuildPhase section */

/* Begin PBXGroup section */
		EB619C732491BA02003F9E0F = {
			isa = PBXGroup;
			children = (
				EB619C7E2491BA02003F9E0F /* StampCamera */,
				EB619C7D2491BA02003F9E0F /* Products */,
			);
			sourceTree = "<group>";
		};
		EB619C7D2491BA02003F9E0F /* Products */ = {
			isa = PBXGroup;
			children = (
				EB619C7C2491BA02003F9E0F /* StampCamera.app */,
			);
			name = Products;
			sourceTree = "<group>";
		};
		EB619C7E2491BA02003F9E0F /* StampCamera */ = {
			isa = PBXGroup;
			children = (
				EB619C7F2491BA02003F9E0F /* AppDelegate.swift */,
				EB619C812491BA02003F9E0F /* SceneDelegate.swift */,
				EB619C832491BA02003F9E0F /* ViewController.swift */,
				EB619C952491C508003F9E0F /* StampSelectViewController.swift */,
				EB619C972491CEA4003F9E0F /* Stamp.swift */,
				EB619C852491BA02003F9E0F /* Main.storyboard */,
				EB619C882491BA0A003F9E0F /* Assets.xcassets */,
				EB619C8A2491BA0B003F9E0F /* LaunchScreen.storyboard */,
				EB619C8D2491BA0B003F9E0F /* Info.plist */,
			);
			path = StampCamera;
			sourceTree = "<group>";
		};
/* End PBXGroup section */

/* Begin PBXNativeTarget section */
		EB619C7B2491BA02003F9E0F /* StampCamera */ = {
			isa = PBXNativeTarget;
			buildConfigurationList = EB619C902491BA0B003F9E0F /* Build configuration list for PBXNativeTarget "StampCamera" */;
			buildPhases = (
				EB619C782491BA02003F9E0F /* Sources */,
				EB619C792491BA02003F9E0F /* Frameworks */,
				EB619C7A2491BA02003F9E0F /* Resources */,
			);
			buildRules = (
			);
			dependencies = (
			);
			name = StampCamera;
			productName = StampCamera;
			productReference = EB619C7C2491BA02003F9E0F /* StampCamera.app */;
			productType = "com.apple.product-type.application";
		};
/* End PBXNativeTarget section */

/* Begin PBXProject section */
		EB619C742491BA02003F9E0F /* Project object */ = {
			isa = PBXProject;
			attributes = {
				LastSwiftUpdateCheck = 1150;
				LastUpgradeCheck = 1150;
				ORGANIZATIONNAME = asOne;
				TargetAttributes = {
					EB619C7B2491BA02003F9E0F = {
						CreatedOnToolsVersion = 11.5;
					};
				};
			};
			buildConfigurationList = EB619C772491BA02003F9E0F /* Build configuration list for PBXProject "StampCamera" */;
			compatibilityVersion = "Xcode 9.3";
			developmentRegion = en;
			hasScannedForEncodings = 0;
			knownRegions = (
				en,
				Base,
			);
			mainGroup = EB619C732491BA02003F9E0F;
			productRefGroup = EB619C7D2491BA02003F9E0F /* Products */;
			projectDirPath = "";
			projectRoot = "";
			targets = (
				EB619C7B2491BA02003F9E0F /* StampCamera */,
			);
		};
/* End PBXProject section */

/* Begin PBXResourcesBuildPhase section */
		EB619C7A2491BA02003F9E0F /* Resources */ = {
			isa = PBXResourcesBuildPhase;
			buildActionMask = 2147483647;
			files = (
				EB619C8C2491BA0B003F9E0F /* LaunchScreen.storyboard in Resources */,
				EB619C892491BA0A003F9E0F /* Assets.xcassets in Resources */,
				EB619C872491BA02003F9E0F /* Main.storyboard in Resources */,
			);
			runOnlyForDeploymentPostprocessing = 0;
		};
/* End PBXResourcesBuildPhase section */

/* Begin PBXSourcesBuildPhase section */
		EB619C782491BA02003F9E0F /* Sources */ = {
			isa = PBXSourcesBuildPhase;
			buildActionMask = 2147483647;
			files = (
				EB619C842491BA02003F9E0F /* ViewController.swift in Sources */,
				EB619C802491BA02003F9E0F /* AppDelegate.swift in Sources */,
				EB619C962491C508003F9E0F /* StampSelectViewController.swift in Sources */,
				EB619C822491BA02003F9E0F /* SceneDelegate.swift in Sources */,
				EB619C982491CEA4003F9E0F /* Stamp.swift in Sources */,
			);
			runOnlyForDeploymentPostprocessing = 0;
		};
/* End PBXSourcesBuildPhase section */

/* Begin PBXVariantGroup section */
		EB619C852491BA02003F9E0F /* Main.storyboard */ = {
			isa = PBXVariantGroup;
			children = (
				EB619C862491BA02003F9E0F /* Base */,
			);
			name = Main.storyboard;
			sourceTree = "<group>";
		};
		EB619C8A2491BA0B003F9E0F /* LaunchScreen.storyboard */ = {
			isa = PBXVariantGroup;
			children = (
				EB619C8B2491BA0B003F9E0F /* Base */,
			);
			name = LaunchScreen.storyboard;
			sourceTree = "<group>";
		};
/* End PBXVariantGroup section */

/* Begin XCBuildConfiguration section */
		EB619C8E2491BA0B003F9E0F /* Debug */ = {
			isa = XCBuildConfiguration;
			buildSettings = {
				ALWAYS_SEARCH_USER_PATHS = NO;
				CLANG_ANALYZER_NONNULL = YES;
				CLANG_ANALYZER_NUMBER_OBJECT_CONVERSION = YES_AGGRESSIVE;
				CLANG_CXX_LANGUAGE_STANDARD = "gnu++14";
				CLANG_CXX_LIBRARY = "libc++";
				CLANG_ENABLE_MODULES = YES;
				CLANG_ENABLE_OBJC_ARC = YES;
				CLANG_ENABLE_OBJC_WEAK = YES;
				CLANG_WARN_BLOCK_CAPTURE_AUTORELEASING = YES;
				CLANG_WARN_BOOL_CONVERSION = YES;
				CLANG_WARN_COMMA = YES;
				CLANG_WARN_CONSTANT_CONVERSION = YES;
				CLANG_WARN_DEPRECATED_OBJC_IMPLEMENTATIONS = YES;
				CLANG_WARN_DIRECT_OBJC_ISA_USAGE = YES_ERROR;
				CLANG_WARN_DOCUMENTATION_COMMENTS = YES;
				CLANG_WARN_EMPTY_BODY = YES;
				CLANG_WARN_ENUM_CONVERSION = YES;
				CLANG_WARN_INFINITE_RECURSION = YES;
				CLANG_WARN_INT_CONVERSION = YES;
				CLANG_WARN_NON_LITERAL_NULL_CONVERSION = YES;
				CLANG_WARN_OBJC_IMPLICIT_RETAIN_SELF = YES;
				CLANG_WARN_OBJC_LITERAL_CONVERSION = YES;
				CLANG_WARN_OBJC_ROOT_CLASS = YES_ERROR;
				CLANG_WARN_RANGE_LOOP_ANALYSIS = YES;
				CLANG_WARN_STRICT_PROTOTYPES = YES;
				CLANG_WARN_SUSPICIOUS_MOVE = YES;
				CLANG_WARN_UNGUARDED_AVAILABILITY = YES_AGGRESSIVE;
				CLANG_WARN_UNREACHABLE_CODE = YES;
				CLANG_WARN__DUPLICATE_METHOD_MATCH = YES;
				COPY_PHASE_STRIP = NO;
				DEBUG_INFORMATION_FORMAT = dwarf;
				ENABLE_STRICT_OBJC_MSGSEND = YES;
				ENABLE_TESTABILITY = YES;
				GCC_C_LANGUAGE_STANDARD = gnu11;
				GCC_DYNAMIC_NO_PIC = NO;
				GCC_NO_COMMON_BLOCKS = YES;
				GCC_OPTIMIZATION_LEVEL = 0;
				GCC_PREPROCESSOR_DEFINITIONS = (
					"DEBUG=1",
					"$(inherited)",
				);
				GCC_WARN_64_TO_32_BIT_CONVERSION = YES;
				GCC_WARN_ABOUT_RETURN_TYPE = YES_ERROR;
				GCC_WARN_UNDECLARED_SELECTOR = YES;
				GCC_WARN_UNINITIALIZED_AUTOS = YES_AGGRESSIVE;
				GCC_WARN_UNUSED_FUNCTION = YES;
				GCC_WARN_UNUSED_VARIABLE = YES;
				IPHONEOS_DEPLOYMENT_TARGET = 13.5;
				MTL_ENABLE_DEBUG_INFO = INCLUDE_SOURCE;
				MTL_FAST_MATH = YES;
				ONLY_ACTIVE_ARCH = YES;
				SDKROOT = iphoneos;
				SWIFT_ACTIVE_COMPILATION_CONDITIONS = DEBUG;
				SWIFT_OPTIMIZATION_LEVEL = "-Onone";
			};
			name = Debug;
		};
		EB619C8F2491BA0B003F9E0F /* Release */ = {
			isa = XCBuildConfiguration;
			buildSettings = {
				ALWAYS_SEARCH_USER_PATHS = NO;
				CLANG_ANALYZER_NONNULL = YES;
				CLANG_ANALYZER_NUMBER_OBJECT_CONVERSION = YES_AGGRESSIVE;
				CLANG_CXX_LANGUAGE_STANDARD = "gnu++14";
				CLANG_CXX_LIBRARY = "libc++";
				CLANG_ENABLE_MODULES = YES;
				CLANG_ENABLE_OBJC_ARC = YES;
				CLANG_ENABLE_OBJC_WEAK = YES;
				CLANG_WARN_BLOCK_CAPTURE_AUTORELEASING = YES;
				CLANG_WARN_BOOL_CONVERSION = YES;
				CLANG_WARN_COMMA = YES;
				CLANG_WARN_CONSTANT_CONVERSION = YES;
				CLANG_WARN_DEPRECATED_OBJC_IMPLEMENTATIONS = YES;
				CLANG_WARN_DIRECT_OBJC_ISA_USAGE = YES_ERROR;
				CLANG_WARN_DOCUMENTATION_COMMENTS = YES;
				CLANG_WARN_EMPTY_BODY = YES;
				CLANG_WARN_ENUM_CONVERSION = YES;
				CLANG_WARN_INFINITE_RECURSION = YES;
				CLANG_WARN_INT_CONVERSION = YES;
				CLANG_WARN_NON_LITERAL_NULL_CONVERSION = YES;
				CLANG_WARN_OBJC_IMPLICIT_RETAIN_SELF = YES;
				CLANG_WARN_OBJC_LITERAL_CONVERSION = YES;
				CLANG_WARN_OBJC_ROOT_CLASS = YES_ERROR;
				CLANG_WARN_RANGE_LOOP_ANALYSIS = YES;
				CLANG_WARN_STRICT_PROTOTYPES = YES;
				CLANG_WARN_SUSPICIOUS_MOVE = YES;
				CLANG_WARN_UNGUARDED_AVAILABILITY = YES_AGGRESSIVE;
				CLANG_WARN_UNREACHABLE_CODE = YES;
				CLANG_WARN__DUPLICATE_METHOD_MATCH = YES;
				COPY_PHASE_STRIP = NO;
				DEBUG_INFORMATION_FORMAT = "dwarf-with-dsym";
				ENABLE_NS_ASSERTIONS = NO;
				ENABLE_STRICT_OBJC_MSGSEND = YES;
				GCC_C_LANGUAGE_STANDARD = gnu11;
				GCC_NO_COMMON_BLOCKS = YES;
				GCC_WARN_64_TO_32_BIT_CONVERSION = YES;
				GCC_WARN_ABOUT_RETURN_TYPE = YES_ERROR;
				GCC_WARN_UNDECLARED_SELECTOR = YES;
				GCC_WARN_UNINITIALIZED_AUTOS = YES_AGGRESSIVE;
				GCC_WARN_UNUSED_FUNCTION = YES;
				GCC_WARN_UNUSED_VARIABLE = YES;
				IPHONEOS_DEPLOYMENT_TARGET = 13.5;
				MTL_ENABLE_DEBUG_INFO = NO;
				MTL_FAST_MATH = YES;
				SDKROOT = iphoneos;
				SWIFT_COMPILATION_MODE = wholemodule;
				SWIFT_OPTIMIZATION_LEVEL = "-O";
				VALIDATE_PRODUCT = YES;
			};
			name = Release;
		};
		EB619C912491BA0B003F9E0F /* Debug */ = {
			isa = XCBuildConfiguration;
			buildSettings = {
				ASSETCATALOG_COMPILER_APPICON_NAME = AppIcon;
				CODE_SIGN_STYLE = Automatic;
				INFOPLIST_FILE = StampCamera/Info.plist;
				LD_RUNPATH_SEARCH_PATHS = (
					"$(inherited)",
					"@executable_path/Frameworks",
				);
				PRODUCT_BUNDLE_IDENTIFIER = "jp.co.al-j.StampCamera";
				PRODUCT_NAME = "$(TARGET_NAME)";
				SWIFT_VERSION = 5.0;
				TARGETED_DEVICE_FAMILY = "1,2";
			};
			name = Debug;
		};
		EB619C922491BA0B003F9E0F /* Release */ = {
			isa = XCBuildConfiguration;
			buildSettings = {
				ASSETCATALOG_COMPILER_APPICON_NAME = AppIcon;
				CODE_SIGN_STYLE = Automatic;
				INFOPLIST_FILE = StampCamera/Info.plist;
				LD_RUNPATH_SEARCH_PATHS = (
					"$(inherited)",
					"@executable_path/Frameworks",
				);
				PRODUCT_BUNDLE_IDENTIFIER = "jp.co.al-j.StampCamera";
				PRODUCT_NAME = "$(TARGET_NAME)";
				SWIFT_VERSION = 5.0;
				TARGETED_DEVICE_FAMILY = "1,2";
			};
			name = Release;
		};
/* End XCBuildConfiguration section */

/* Begin XCConfigurationList section */
		EB619C772491BA02003F9E0F /* Build configuration list for PBXProject "StampCamera" */ = {
			isa = XCConfigurationList;
			buildConfigurations = (
				EB619C8E2491BA0B003F9E0F /* Debug */,
				EB619C8F2491BA0B003F9E0F /* Release */,
			);
			defaultConfigurationIsVisible = 0;
			defaultConfigurationName = Release;
		};
		EB619C902491BA0B003F9E0F /* Build configuration list for PBXNativeTarget "StampCamera" */ = {
			isa = XCConfigurationList;
			buildConfigurations = (
				EB619C912491BA0B003F9E0F /* Debug */,
				EB619C922491BA0B003F9E0F /* Release */,
			);
			defaultConfigurationIsVisible = 0;
			defaultConfigurationName = Release;
		};
/* End XCConfigurationList section */
	};
	rootObject = EB619C742491BA02003F9E0F /* Project object */;
}
