// !$*UTF8*$!
{
	archiveVersion = 1;
	classes = {
	};
	objectVersion = 50;
	objects = {

/* Begin PBXBuildFile section */
		EBC2B3632488BE7C0080F7C6 /* AppDelegate.swift in Sources */ = {isa = PBXBuildFile; fileRef = EBC2B3622488BE7C0080F7C6 /* AppDelegate.swift */; };
		EBC2B3652488BE7C0080F7C6 /* SceneDelegate.swift in Sources */ = {isa = PBXBuildFile; fileRef = EBC2B3642488BE7C0080F7C6 /* SceneDelegate.swift */; };
		EBC2B3672488BE7C0080F7C6 /* ViewController.swift in Sources */ = {isa = PBXBuildFile; fileRef = EBC2B3662488BE7C0080F7C6 /* ViewController.swift */; };
		EBC2B36A2488BE7C0080F7C6 /* Main.storyboard in Resources */ = {isa = PBXBuildFile; fileRef = EBC2B3682488BE7C0080F7C6 /* Main.storyboard */; };
		EBC2B36C2488BE800080F7C6 /* Assets.xcassets in Resources */ = {isa = PBXBuildFile; fileRef = EBC2B36B2488BE800080F7C6 /* Assets.xcassets */; };
		EBC2B36F2488BE800080F7C6 /* LaunchScreen.storyboard in Resources */ = {isa = PBXBuildFile; fileRef = EBC2B36D2488BE800080F7C6 /* LaunchScreen.storyboard */; };
		EBC2B3792488CC390080F7C6 /* QuizViewController.swift in Sources */ = {isa = PBXBuildFile; fileRef = EBC2B3782488CC390080F7C6 /* QuizViewController.swift */; };
		EBC2B37B2488CC4F0080F7C6 /* ResultViewController.swift in Sources */ = {isa = PBXBuildFile; fileRef = EBC2B37A2488CC4F0080F7C6 /* ResultViewController.swift */; };
		EBC2B37D2488D1BA0080F7C6 /* quiz.csv in Resources */ = {isa = PBXBuildFile; fileRef = EBC2B37C2488D1BA0080F7C6 /* quiz.csv */; };
		EBC2B37F2488D4450080F7C6 /* Problem.swift in Sources */ = {isa = PBXBuildFile; fileRef = EBC2B37E2488D4450080F7C6 /* Problem.swift */; };
/* End PBXBuildFile section */

/* Begin PBXFileReference section */
		EBC2B35F2488BE7C0080F7C6 /* Quiz.app */ = {isa = PBXFileReference; explicitFileType = wrapper.application; includeInIndex = 0; path = Quiz.app; sourceTree = BUILT_PRODUCTS_DIR; };
		EBC2B3622488BE7C0080F7C6 /* AppDelegate.swift */ = {isa = PBXFileReference; lastKnownFileType = sourcecode.swift; path = AppDelegate.swift; sourceTree = "<group>"; };
		EBC2B3642488BE7C0080F7C6 /* SceneDelegate.swift */ = {isa = PBXFileReference; lastKnownFileType = sourcecode.swift; path = SceneDelegate.swift; sourceTree = "<group>"; };
		EBC2B3662488BE7C0080F7C6 /* ViewController.swift */ = {isa = PBXFileReference; lastKnownFileType = sourcecode.swift; path = ViewController.swift; sourceTree = "<group>"; };
		EBC2B3692488BE7C0080F7C6 /* Base */ = {isa = PBXFileReference; lastKnownFileType = file.storyboard; name = Base; path = Base.lproj/Main.storyboard; sourceTree = "<group>"; };
		EBC2B36B2488BE800080F7C6 /* Assets.xcassets */ = {isa = PBXFileReference; lastKnownFileType = folder.assetcatalog; path = Assets.xcassets; sourceTree = "<group>"; };
		EBC2B36E2488BE800080F7C6 /* Base */ = {isa = PBXFileReference; lastKnownFileType = file.storyboard; name = Base; path = Base.lproj/LaunchScreen.storyboard; sourceTree = "<group>"; };
		EBC2B3702488BE800080F7C6 /* Info.plist */ = {isa = PBXFileReference; lastKnownFileType = text.plist.xml; path = Info.plist; sourceTree = "<group>"; };
		EBC2B3782488CC390080F7C6 /* QuizViewController.swift */ = {isa = PBXFileReference; lastKnownFileType = sourcecode.swift; path = QuizViewController.swift; sourceTree = SOURCE_ROOT; };
		EBC2B37A2488CC4F0080F7C6 /* ResultViewController.swift */ = {isa = PBXFileReference; lastKnownFileType = sourcecode.swift; path = ResultViewController.swift; sourceTree = "<group>"; };
		EBC2B37C2488D1BA0080F7C6 /* quiz.csv */ = {isa = PBXFileReference; fileEncoding = 4; lastKnownFileType = text; path = quiz.csv; sourceTree = "<group>"; };
		EBC2B37E2488D4450080F7C6 /* Problem.swift */ = {isa = PBXFileReference; lastKnownFileType = sourcecode.swift; path = Problem.swift; sourceTree = "<group>"; };
/* End PBXFileReference section */

/* Begin PBXFrameworksBuildPhase section */
		EBC2B35C2488BE7C0080F7C6 /* Frameworks */ = {
			isa = PBXFrameworksBuildPhase;
			buildActionMask = 2147483647;
			files = (
			);
			runOnlyForDeploymentPostprocessing = 0;
		};
/* End PBXFrameworksBuildPhase section */

/* Begin PBXGroup section */
		EBC2B3562488BE7C0080F7C6 = {
			isa = PBXGroup;
			children = (
				EBC2B3612488BE7C0080F7C6 /* Quiz */,
				EBC2B3602488BE7C0080F7C6 /* Products */,
			);
			sourceTree = "<group>";
		};
		EBC2B3602488BE7C0080F7C6 /* Products */ = {
			isa = PBXGroup;
			children = (
				EBC2B35F2488BE7C0080F7C6 /* Quiz.app */,
			);
			name = Products;
			sourceTree = "<group>";
		};
		EBC2B3612488BE7C0080F7C6 /* Quiz */ = {
			isa = PBXGroup;
			children = (
				EBC2B3622488BE7C0080F7C6 /* AppDelegate.swift */,
				EBC2B3642488BE7C0080F7C6 /* SceneDelegate.swift */,
				EBC2B3662488BE7C0080F7C6 /* ViewController.swift */,
				EBC2B3782488CC390080F7C6 /* QuizViewController.swift */,
				EBC2B37A2488CC4F0080F7C6 /* ResultViewController.swift */,
				EBC2B37E2488D4450080F7C6 /* Problem.swift */,
				EBC2B3682488BE7C0080F7C6 /* Main.storyboard */,
				EBC2B36B2488BE800080F7C6 /* Assets.xcassets */,
				EBC2B36D2488BE800080F7C6 /* LaunchScreen.storyboard */,
				EBC2B3702488BE800080F7C6 /* Info.plist */,
				EBC2B37C2488D1BA0080F7C6 /* quiz.csv */,
			);
			path = Quiz;
			sourceTree = "<group>";
		};
/* End PBXGroup section */

/* Begin PBXNativeTarget section */
		EBC2B35E2488BE7C0080F7C6 /* Quiz */ = {
			isa = PBXNativeTarget;
			buildConfigurationList = EBC2B3732488BE800080F7C6 /* Build configuration list for PBXNativeTarget "Quiz" */;
			buildPhases = (
				EBC2B35B2488BE7C0080F7C6 /* Sources */,
				EBC2B35C2488BE7C0080F7C6 /* Frameworks */,
				EBC2B35D2488BE7C0080F7C6 /* Resources */,
			);
			buildRules = (
			);
			dependencies = (
			);
			name = Quiz;
			productName = Quiz;
			productReference = EBC2B35F2488BE7C0080F7C6 /* Quiz.app */;
			productType = "com.apple.product-type.application";
		};
/* End PBXNativeTarget section */

/* Begin PBXProject section */
		EBC2B3572488BE7C0080F7C6 /* Project object */ = {
			isa = PBXProject;
			attributes = {
				LastSwiftUpdateCheck = 1150;
				LastUpgradeCheck = 1150;
				ORGANIZATIONNAME = asOne;
				TargetAttributes = {
					EBC2B35E2488BE7C0080F7C6 = {
						CreatedOnToolsVersion = 11.5;
					};
				};
			};
			buildConfigurationList = EBC2B35A2488BE7C0080F7C6 /* Build configuration list for PBXProject "Quiz" */;
			compatibilityVersion = "Xcode 9.3";
			developmentRegion = en;
			hasScannedForEncodings = 0;
			knownRegions = (
				en,
				Base,
			);
			mainGroup = EBC2B3562488BE7C0080F7C6;
			productRefGroup = EBC2B3602488BE7C0080F7C6 /* Products */;
			projectDirPath = "";
			projectRoot = "";
			targets = (
				EBC2B35E2488BE7C0080F7C6 /* Quiz */,
			);
		};
/* End PBXProject section */

/* Begin PBXResourcesBuildPhase section */
		EBC2B35D2488BE7C0080F7C6 /* Resources */ = {
			isa = PBXResourcesBuildPhase;
			buildActionMask = 2147483647;
			files = (
				EBC2B36F2488BE800080F7C6 /* LaunchScreen.storyboard in Resources */,
				EBC2B36C2488BE800080F7C6 /* Assets.xcassets in Resources */,
				EBC2B36A2488BE7C0080F7C6 /* Main.storyboard in Resources */,
				EBC2B37D2488D1BA0080F7C6 /* quiz.csv in Resources */,
			);
			runOnlyForDeploymentPostprocessing = 0;
		};
/* End PBXResourcesBuildPhase section */

/* Begin PBXSourcesBuildPhase section */
		EBC2B35B2488BE7C0080F7C6 /* Sources */ = {
			isa = PBXSourcesBuildPhase;
			buildActionMask = 2147483647;
			files = (
				EBC2B37B2488CC4F0080F7C6 /* ResultViewController.swift in Sources */,
				EBC2B37F2488D4450080F7C6 /* Problem.swift in Sources */,
				EBC2B3672488BE7C0080F7C6 /* ViewController.swift in Sources */,
				EBC2B3632488BE7C0080F7C6 /* AppDelegate.swift in Sources */,
				EBC2B3652488BE7C0080F7C6 /* SceneDelegate.swift in Sources */,
				EBC2B3792488CC390080F7C6 /* QuizViewController.swift in Sources */,
			);
			runOnlyForDeploymentPostprocessing = 0;
		};
/* End PBXSourcesBuildPhase section */

/* Begin PBXVariantGroup section */
		EBC2B3682488BE7C0080F7C6 /* Main.storyboard */ = {
			isa = PBXVariantGroup;
			children = (
				EBC2B3692488BE7C0080F7C6 /* Base */,
			);
			name = Main.storyboard;
			sourceTree = "<group>";
		};
		EBC2B36D2488BE800080F7C6 /* LaunchScreen.storyboard */ = {
			isa = PBXVariantGroup;
			children = (
				EBC2B36E2488BE800080F7C6 /* Base */,
			);
			name = LaunchScreen.storyboard;
			sourceTree = "<group>";
		};
/* End PBXVariantGroup section */

/* Begin XCBuildConfiguration section */
		EBC2B3712488BE800080F7C6 /* Debug */ = {
			isa = XCBuildConfiguration;
			buildSettings = {
				ALWAYS_SEARCH_USER_PATHS = NO;
				CLANG_ANALYZER_NONNULL = YES;
				CLANG_ANALYZER_NUMBER_OBJECT_CONVERSION = YES_AGGRESSIVE;
				CLANG_CXX_LANGUAGE_STANDARD = "gnu++14";
				CLANG_CXX_LIBRARY = "libc++";
				CLANG_ENABLE_MODULES = YES;
				CLANG_ENABLE_OBJC_ARC = YES;
				CLANG_ENABLE_OBJC_WEAK = YES;
				CLANG_WARN_BLOCK_CAPTURE_AUTORELEASING = YES;
				CLANG_WARN_BOOL_CONVERSION = YES;
				CLANG_WARN_COMMA = YES;
				CLANG_WARN_CONSTANT_CONVERSION = YES;
				CLANG_WARN_DEPRECATED_OBJC_IMPLEMENTATIONS = YES;
				CLANG_WARN_DIRECT_OBJC_ISA_USAGE = YES_ERROR;
				CLANG_WARN_DOCUMENTATION_COMMENTS = YES;
				CLANG_WARN_EMPTY_BODY = YES;
				CLANG_WARN_ENUM_CONVERSION = YES;
				CLANG_WARN_INFINITE_RECURSION = YES;
				CLANG_WARN_INT_CONVERSION = YES;
				CLANG_WARN_NON_LITERAL_NULL_CONVERSION = YES;
				CLANG_WARN_OBJC_IMPLICIT_RETAIN_SELF = YES;
				CLANG_WARN_OBJC_LITERAL_CONVERSION = YES;
				CLANG_WARN_OBJC_ROOT_CLASS = YES_ERROR;
				CLANG_WARN_RANGE_LOOP_ANALYSIS = YES;
				CLANG_WARN_STRICT_PROTOTYPES = YES;
				CLANG_WARN_SUSPICIOUS_MOVE = YES;
				CLANG_WARN_UNGUARDED_AVAILABILITY = YES_AGGRESSIVE;
				CLANG_WARN_UNREACHABLE_CODE = YES;
				CLANG_WARN__DUPLICATE_METHOD_MATCH = YES;
				COPY_PHASE_STRIP = NO;
				DEBUG_INFORMATION_FORMAT = dwarf;
				ENABLE_STRICT_OBJC_MSGSEND = YES;
				ENABLE_TESTABILITY = YES;
				GCC_C_LANGUAGE_STANDARD = gnu11;
				GCC_DYNAMIC_NO_PIC = NO;
				GCC_NO_COMMON_BLOCKS = YES;
				GCC_OPTIMIZATION_LEVEL = 0;
				GCC_PREPROCESSOR_DEFINITIONS = (
					"DEBUG=1",
					"$(inherited)",
				);
				GCC_WARN_64_TO_32_BIT_CONVERSION = YES;
				GCC_WARN_ABOUT_RETURN_TYPE = YES_ERROR;
				GCC_WARN_UNDECLARED_SELECTOR = YES;
				GCC_WARN_UNINITIALIZED_AUTOS = YES_AGGRESSIVE;
				GCC_WARN_UNUSED_FUNCTION = YES;
				GCC_WARN_UNUSED_VARIABLE = YES;
				IPHONEOS_DEPLOYMENT_TARGET = 13.5;
				MTL_ENABLE_DEBUG_INFO = INCLUDE_SOURCE;
				MTL_FAST_MATH = YES;
				ONLY_ACTIVE_ARCH = YES;
				SDKROOT = iphoneos;
				SWIFT_ACTIVE_COMPILATION_CONDITIONS = DEBUG;
				SWIFT_OPTIMIZATION_LEVEL = "-Onone";
			};
			name = Debug;
		};
		EBC2B3722488BE800080F7C6 /* Release */ = {
			isa = XCBuildConfiguration;
			buildSettings = {
				ALWAYS_SEARCH_USER_PATHS = NO;
				CLANG_ANALYZER_NONNULL = YES;
				CLANG_ANALYZER_NUMBER_OBJECT_CONVERSION = YES_AGGRESSIVE;
				CLANG_CXX_LANGUAGE_STANDARD = "gnu++14";
				CLANG_CXX_LIBRARY = "libc++";
				CLANG_ENABLE_MODULES = YES;
				CLANG_ENABLE_OBJC_ARC = YES;
				CLANG_ENABLE_OBJC_WEAK = YES;
				CLANG_WARN_BLOCK_CAPTURE_AUTORELEASING = YES;
				CLANG_WARN_BOOL_CONVERSION = YES;
				CLANG_WARN_COMMA = YES;
				CLANG_WARN_CONSTANT_CONVERSION = YES;
				CLANG_WARN_DEPRECATED_OBJC_IMPLEMENTATIONS = YES;
				CLANG_WARN_DIRECT_OBJC_ISA_USAGE = YES_ERROR;
				CLANG_WARN_DOCUMENTATION_COMMENTS = YES;
				CLANG_WARN_EMPTY_BODY = YES;
				CLANG_WARN_ENUM_CONVERSION = YES;
				CLANG_WARN_INFINITE_RECURSION = YES;
				CLANG_WARN_INT_CONVERSION = YES;
				CLANG_WARN_NON_LITERAL_NULL_CONVERSION = YES;
				CLANG_WARN_OBJC_IMPLICIT_RETAIN_SELF = YES;
				CLANG_WARN_OBJC_LITERAL_CONVERSION = YES;
				CLANG_WARN_OBJC_ROOT_CLASS = YES_ERROR;
				CLANG_WARN_RANGE_LOOP_ANALYSIS = YES;
				CLANG_WARN_STRICT_PROTOTYPES = YES;
				CLANG_WARN_SUSPICIOUS_MOVE = YES;
				CLANG_WARN_UNGUARDED_AVAILABILITY = YES_AGGRESSIVE;
				CLANG_WARN_UNREACHABLE_CODE = YES;
				CLANG_WARN__DUPLICATE_METHOD_MATCH = YES;
				COPY_PHASE_STRIP = NO;
				DEBUG_INFORMATION_FORMAT = "dwarf-with-dsym";
				ENABLE_NS_ASSERTIONS = NO;
				ENABLE_STRICT_OBJC_MSGSEND = YES;
				GCC_C_LANGUAGE_STANDARD = gnu11;
				GCC_NO_COMMON_BLOCKS = YES;
				GCC_WARN_64_TO_32_BIT_CONVERSION = YES;
				GCC_WARN_ABOUT_RETURN_TYPE = YES_ERROR;
				GCC_WARN_UNDECLARED_SELECTOR = YES;
				GCC_WARN_UNINITIALIZED_AUTOS = YES_AGGRESSIVE;
				GCC_WARN_UNUSED_FUNCTION = YES;
				GCC_WARN_UNUSED_VARIABLE = YES;
				IPHONEOS_DEPLOYMENT_TARGET = 13.5;
				MTL_ENABLE_DEBUG_INFO = NO;
				MTL_FAST_MATH = YES;
				SDKROOT = iphoneos;
				SWIFT_COMPILATION_MODE = wholemodule;
				SWIFT_OPTIMIZATION_LEVEL = "-O";
				VALIDATE_PRODUCT = YES;
			};
			name = Release;
		};
		EBC2B3742488BE800080F7C6 /* Debug */ = {
			isa = XCBuildConfiguration;
			buildSettings = {
				ASSETCATALOG_COMPILER_APPICON_NAME = AppIcon;
				CODE_SIGN_STYLE = Automatic;
				INFOPLIST_FILE = Quiz/Info.plist;
				LD_RUNPATH_SEARCH_PATHS = (
					"$(inherited)",
					"@executable_path/Frameworks",
				);
				PRODUCT_BUNDLE_IDENTIFIER = "jp.co.al-j.Quiz";
				PRODUCT_NAME = "$(TARGET_NAME)";
				SWIFT_VERSION = 5.0;
				TARGETED_DEVICE_FAMILY = "1,2";
			};
			name = Debug;
		};
		EBC2B3752488BE800080F7C6 /* Release */ = {
			isa = XCBuildConfiguration;
			buildSettings = {
				ASSETCATALOG_COMPILER_APPICON_NAME = AppIcon;
				CODE_SIGN_STYLE = Automatic;
				INFOPLIST_FILE = Quiz/Info.plist;
				LD_RUNPATH_SEARCH_PATHS = (
					"$(inherited)",
					"@executable_path/Frameworks",
				);
				PRODUCT_BUNDLE_IDENTIFIER = "jp.co.al-j.Quiz";
				PRODUCT_NAME = "$(TARGET_NAME)";
				SWIFT_VERSION = 5.0;
				TARGETED_DEVICE_FAMILY = "1,2";
			};
			name = Release;
		};
/* End XCBuildConfiguration section */

/* Begin XCConfigurationList section */
		EBC2B35A2488BE7C0080F7C6 /* Build configuration list for PBXProject "Quiz" */ = {
			isa = XCConfigurationList;
			buildConfigurations = (
				EBC2B3712488BE800080F7C6 /* Debug */,
				EBC2B3722488BE800080F7C6 /* Release */,
			);
			defaultConfigurationIsVisible = 0;
			defaultConfigurationName = Release;
		};
		EBC2B3732488BE800080F7C6 /* Build configuration list for PBXNativeTarget "Quiz" */ = {
			isa = XCConfigurationList;
			buildConfigurations = (
				EBC2B3742488BE800080F7C6 /* Debug */,
				EBC2B3752488BE800080F7C6 /* Release */,
			);
			defaultConfigurationIsVisible = 0;
			defaultConfigurationName = Release;
		};
/* End XCConfigurationList section */
	};
	rootObject = EBC2B3572488BE7C0080F7C6 /* Project object */;
}
